
Microsoft Visual Studio Solution File, Format Version 12.00
# Visual Studio Version 16
VisualStudioVersion = 16.0.33927.289
MinimumVisualStudioVersion = 10.0.40219.1
Project("{FAE04EC0-301F-11D3-BF4B-00C04F79EFBC}") = "NombresArreglo", "NombresArreglo\NombresArreglo.csproj", "{EEA84106-F53F-47E6-B1F1-45C53FBFF057}"
EndProject
Project("{FAE04EC0-301F-11D3-BF4B-00C04F79EFBC}") = "carrrear", "carrrear\carrrear.csproj", "{AAC030A3-80E2-4856-A0CE-E2C186CCD929}"
EndProject
Global
	GlobalSection(SolutionConfigurationPlatforms) = preSolution
		Debug|Any CPU = Debug|Any CPU
		Release|Any CPU = Release|Any CPU
	EndGlobalSection
	GlobalSection(ProjectConfigurationPlatforms) = postSolution
		{EEA84106-F53F-47E6-B1F1-45C53FBFF057}.Debug|Any CPU.ActiveCfg = Debug|Any CPU
		{EEA84106-F53F-47E6-B1F1-45C53FBFF057}.Debug|Any CPU.Build.0 = Debug|Any CPU
		{EEA84106-F53F-47E6-B1F1-45C53FBFF057}.Release|Any CPU.ActiveCfg = Release|Any CPU
		{EEA84106-F53F-47E6-B1F1-45C53FBFF057}.Release|Any CPU.Build.0 = Release|Any CPU
		{AAC030A3-80E2-4856-A0CE-E2C186CCD929}.Debug|Any CPU.ActiveCfg = Debug|Any CPU
		{AAC030A3-80E2-4856-A0CE-E2C186CCD929}.Debug|Any CPU.Build.0 = Debug|Any CPU
		{AAC030A3-80E2-4856-A0CE-E2C186CCD929}.Release|Any CPU.ActiveCfg = Release|Any CPU
		{AAC030A3-80E2-4856-A0CE-E2C186CCD929}.Release|Any CPU.Build.0 = Release|Any CPU
	EndGlobalSection
	GlobalSection(SolutionProperties) = preSolution
		HideSolutionNode = FALSE
	EndGlobalSection
	GlobalSection(ExtensibilityGlobals) = postSolution
		SolutionGuid = {B496EF20-E8D0-44CD-918F-809209D34931}
	EndGlobalSection
EndGlobal
