
Microsoft Visual Studio Solution File, Format Version 12.00
# Visual Studio Version 16
VisualStudioVersion = 16.0.33927.289
MinimumVisualStudioVersion = 10.0.40219.1
Project("{FAE04EC0-301F-11D3-BF4B-00C04F79EFBC}") = "Ejercicios Clases, atributos y métodos", "Ejercicios Clases, atributos y métodos.csproj", "{708B42FB-BFC0-4602-9E50-4D2C28F038B5}"
EndProject
Project("{FAE04EC0-301F-11D3-BF4B-00C04F79EFBC}") = "Ejercicio 1", "..\Ejercicio 1\Ejercicio 1.csproj", "{30DCCB24-1FBA-426C-845B-A7C5E5A6987D}"
EndProject
Global
	GlobalSection(SolutionConfigurationPlatforms) = preSolution
		Debug|Any CPU = Debug|Any CPU
		Release|Any CPU = Release|Any CPU
	EndGlobalSection
	GlobalSection(ProjectConfigurationPlatforms) = postSolution
		{708B42FB-BFC0-4602-9E50-4D2C28F038B5}.Debug|Any CPU.ActiveCfg = Debug|Any CPU
		{708B42FB-BFC0-4602-9E50-4D2C28F038B5}.Debug|Any CPU.Build.0 = Debug|Any CPU
		{708B42FB-BFC0-4602-9E50-4D2C28F038B5}.Release|Any CPU.ActiveCfg = Release|Any CPU
		{708B42FB-BFC0-4602-9E50-4D2C28F038B5}.Release|Any CPU.Build.0 = Release|Any CPU
		{30DCCB24-1FBA-426C-845B-A7C5E5A6987D}.Debug|Any CPU.ActiveCfg = Debug|Any CPU
		{30DCCB24-1FBA-426C-845B-A7C5E5A6987D}.Debug|Any CPU.Build.0 = Debug|Any CPU
		{30DCCB24-1FBA-426C-845B-A7C5E5A6987D}.Release|Any CPU.ActiveCfg = Release|Any CPU
		{30DCCB24-1FBA-426C-845B-A7C5E5A6987D}.Release|Any CPU.Build.0 = Release|Any CPU
	EndGlobalSection
	GlobalSection(SolutionProperties) = preSolution
		HideSolutionNode = FALSE
	EndGlobalSection
	GlobalSection(ExtensibilityGlobals) = postSolution
		SolutionGuid = {A28C1A2D-0017-46F2-8903-10F4FCBE6806}
	EndGlobalSection
EndGlobal
