
Microsoft Visual Studio Solution File, Format Version 12.00
# Visual Studio Version 16
VisualStudioVersion = 16.0.33927.289
MinimumVisualStudioVersion = 10.0.40219.1
Project("{FAE04EC0-301F-11D3-BF4B-00C04F79EFBC}") = "Arreglos2", "Arreglos2\Arreglos2.csproj", "{D0431D9B-2A03-4089-A801-5C50BD014787}"
EndProject
Global
	GlobalSection(SolutionConfigurationPlatforms) = preSolution
		Debug|Any CPU = Debug|Any CPU
		Release|Any CPU = Release|Any CPU
	EndGlobalSection
	GlobalSection(ProjectConfigurationPlatforms) = postSolution
		{D0431D9B-2A03-4089-A801-5C50BD014787}.Debug|Any CPU.ActiveCfg = Debug|Any CPU
		{D0431D9B-2A03-4089-A801-5C50BD014787}.Debug|Any CPU.Build.0 = Debug|Any CPU
		{D0431D9B-2A03-4089-A801-5C50BD014787}.Release|Any CPU.ActiveCfg = Release|Any CPU
		{D0431D9B-2A03-4089-A801-5C50BD014787}.Release|Any CPU.Build.0 = Release|Any CPU
	EndGlobalSection
	GlobalSection(SolutionProperties) = preSolution
		HideSolutionNode = FALSE
	EndGlobalSection
	GlobalSection(ExtensibilityGlobals) = postSolution
		SolutionGuid = {BE1C73BE-9D27-4BBE-9945-59CBCBEA9755}
	EndGlobalSection
EndGlobal
